
Microsoft Visual Studio Solution File, Format Version 12.00
# Visual Studio Version 16
VisualStudioVersion = 16.0.30320.27
MinimumVisualStudioVersion = 10.0.40219.1
Project("{9A19103F-16F7-4668-BE54-9A1E7A4F7556}") = "PromotionEngine", "Source\PromotionEngine\PromotionEngine.csproj", "{1DAB55F6-335F-4584-8E51-F398C7C6A8FE}"
EndProject
Project("{9A19103F-16F7-4668-BE54-9A1E7A4F7556}") = "CheckOut", "Source\CheckOut\CheckOut.csproj", "{49902200-B4DA-41BB-82D1-567B70605CEB}"
EndProject
Global
	GlobalSection(SolutionConfigurationPlatforms) = preSolution
		Debug|Any CPU = Debug|Any CPU
		Release|Any CPU = Release|Any CPU
	EndGlobalSection
	GlobalSection(ProjectConfigurationPlatforms) = postSolution
		{1DAB55F6-335F-4584-8E51-F398C7C6A8FE}.Debug|Any CPU.ActiveCfg = Debug|Any CPU
		{1DAB55F6-335F-4584-8E51-F398C7C6A8FE}.Debug|Any CPU.Build.0 = Debug|Any CPU
		{1DAB55F6-335F-4584-8E51-F398C7C6A8FE}.Release|Any CPU.ActiveCfg = Release|Any CPU
		{1DAB55F6-335F-4584-8E51-F398C7C6A8FE}.Release|Any CPU.Build.0 = Release|Any CPU
		{49902200-B4DA-41BB-82D1-567B70605CEB}.Debug|Any CPU.ActiveCfg = Debug|Any CPU
		{49902200-B4DA-41BB-82D1-567B70605CEB}.Debug|Any CPU.Build.0 = Debug|Any CPU
		{49902200-B4DA-41BB-82D1-567B70605CEB}.Release|Any CPU.ActiveCfg = Release|Any CPU
		{49902200-B4DA-41BB-82D1-567B70605CEB}.Release|Any CPU.Build.0 = Release|Any CPU
	EndGlobalSection
	GlobalSection(SolutionProperties) = preSolution
		HideSolutionNode = FALSE
	EndGlobalSection
	GlobalSection(ExtensibilityGlobals) = postSolution
		SolutionGuid = {DA31347D-3FE2-4918-BAA8-C2A874DC517A}
	EndGlobalSection
EndGlobal
